PODS:
  - CryptoSwift (1.8.4)
  - Flutter (1.0.0)
  - flutter_callkit_incoming (0.0.1):
    - CryptoSwift
    - Flutter
  - fluttertoast (0.0.2):
    - Flutter
    - Toast
  - Toast (4.1.1)

DEPENDENCIES:
  - Flutter (from `Flutter`)
  - flutter_callkit_incoming (from `.symlinks/plugins/flutter_callkit_incoming/ios`)
  - fluttertoast (from `.symlinks/plugins/fluttertoast/ios`)

SPEC REPOS:
  trunk:
    - CryptoSwift
    - Toast

EXTERNAL SOURCES:
  Flutter:
    :path: Flutter
  flutter_callkit_incoming:
    :path: ".symlinks/plugins/flutter_callkit_incoming/ios"
  fluttertoast:
    :path: ".symlinks/plugins/fluttertoast/ios"

SPEC CHECKSUMS:
  CryptoSwift: e64e11850ede528a02a0f3e768cec8e9d92ecb90
  Flutter: e0871f40cf51350855a761d2e70bf5af5b9b5de7
  flutter_callkit_incoming: 417dd1b46541cdd5d855ad795ccbe97d1c18155e
  fluttertoast: e9a18c7be5413da53898f660530c56f35edfba9c
  Toast: 1f5ea13423a1e6674c4abdac5be53587ae481c4e

PODFILE CHECKSUM: 819463e6a0290f5a72f145ba7cde16e8b6ef0796

COCOAPODS: 1.14.3
